// !$*UTF8*$!
{
	archiveVersion = 1;
	classes = {
	};
	objectVersion = 77;
	objects = {

/* Begin PBXBuildFile section */
		E4E6E13A2E172AEF00FD5EBB /* FirebaseAuth in Frameworks */ = {isa = PBXBuildFile; productRef = E4E6E1392E172AEF00FD5EBB /* FirebaseAuth */; };
		E4E6E13C2E172AEF00FD5EBB /* FirebaseCore in Frameworks */ = {isa = PBXBuildFile; productRef = E4E6E13B2E172AEF00FD5EBB /* FirebaseCore */; };
		E4E6E13E2E172AEF00FD5EBB /* FirebaseFirestore in Frameworks */ = {isa = PBXBuildFile; productRef = E4E6E13D2E172AEF00FD5EBB /* FirebaseFirestore */; };
		E4E6E1412E172B2F00FD5EBB /* GoogleSignIn in Frameworks */ = {isa = PBXBuildFile; productRef = E4E6E1402E172B2F00FD5EBB /* GoogleSignIn */; };
		E4E6E1432E172B2F00FD5EBB /* GoogleSignInSwift in Frameworks */ = {isa = PBXBuildFile; productRef = E4E6E1422E172B2F00FD5EBB /* GoogleSignInSwift */; };
		E4E6E1452E172B8C00FD5EBB /* FirebaseAnalytics in Frameworks */ = {isa = PBXBuildFile; productRef = E4E6E1442E172B8C00FD5EBB /* FirebaseAnalytics */; };
/* End PBXBuildFile section */

/* Begin PBXContainerItemProxy section */
		E47219202E08943100F502FB /* PBXContainerItemProxy */ = {
			isa = PBXContainerItemProxy;
			containerPortal = E472190A2E08943000F502FB /* Project object */;
			proxyType = 1;
			remoteGlobalIDString = E47219112E08943000F502FB;
			remoteInfo = RestaurantRecommend;
		};
		E472192A2E08943100F502FB /* PBXContainerItemProxy */ = {
			isa = PBXContainerItemProxy;
			containerPortal = E472190A2E08943000F502FB /* Project object */;
			proxyType = 1;
			remoteGlobalIDString = E47219112E08943000F502FB;
			remoteInfo = RestaurantRecommend;
		};
/* End PBXContainerItemProxy section */

/* Begin PBXFileReference section */
		E47219122E08943000F502FB /* RestaurantRecommend.app */ = {isa = PBXFileReference; explicitFileType = wrapper.application; includeInIndex = 0; path = RestaurantRecommend.app; sourceTree = BUILT_PRODUCTS_DIR; };
		E472191F2E08943100F502FB /* RestaurantRecommendTests.xctest */ = {isa = PBXFileReference; explicitFileType = wrapper.cfbundle; includeInIndex = 0; path = RestaurantRecommendTests.xctest; sourceTree = BUILT_PRODUCTS_DIR; };
		E47219292E08943100F502FB /* RestaurantRecommendUITests.xctest */ = {isa = PBXFileReference; explicitFileType = wrapper.cfbundle; includeInIndex = 0; path = RestaurantRecommendUITests.xctest; sourceTree = BUILT_PRODUCTS_DIR; };
/* End PBXFileReference section */

/* Begin PBXFileSystemSynchronizedRootGroup section */
		E47219142E08943000F502FB /* RestaurantRecommend */ = {
			isa = PBXFileSystemSynchronizedRootGroup;
			path = RestaurantRecommend;
			sourceTree = "<group>";
		};
		E47219222E08943100F502FB /* RestaurantRecommendTests */ = {
			isa = PBXFileSystemSynchronizedRootGroup;
			path = RestaurantRecommendTests;
			sourceTree = "<group>";
		};
		E472192C2E08943100F502FB /* RestaurantRecommendUITests */ = {
			isa = PBXFileSystemSynchronizedRootGroup;
			path = RestaurantRecommendUITests;
			sourceTree = "<group>";
		};
/* End PBXFileSystemSynchronizedRootGroup section */

/* Begin PBXFrameworksBuildPhase section */
		E472190F2E08943000F502FB /* Frameworks */ = {
			isa = PBXFrameworksBuildPhase;
			buildActionMask = 2147483647;
			files = (
				E4E6E1432E172B2F00FD5EBB /* GoogleSignInSwift in Frameworks */,
				E4E6E13C2E172AEF00FD5EBB /* FirebaseCore in Frameworks */,
				E4E6E1452E172B8C00FD5EBB /* FirebaseAnalytics in Frameworks */,
				E4E6E1412E172B2F00FD5EBB /* GoogleSignIn in Frameworks */,
				E4E6E13A2E172AEF00FD5EBB /* FirebaseAuth in Frameworks */,
				E4E6E13E2E172AEF00FD5EBB /* FirebaseFirestore in Frameworks */,
			);
			runOnlyForDeploymentPostprocessing = 0;
		};
		E472191C2E08943100F502FB /* Frameworks */ = {
			isa = PBXFrameworksBuildPhase;
			buildActionMask = 2147483647;
			files = (
			);
			runOnlyForDeploymentPostprocessing = 0;
		};
		E47219262E08943100F502FB /* Frameworks */ = {
			isa = PBXFrameworksBuildPhase;
			buildActionMask = 2147483647;
			files = (
			);
			runOnlyForDeploymentPostprocessing = 0;
		};
/* End PBXFrameworksBuildPhase section */

/* Begin PBXGroup section */
		E47219092E08943000F502FB = {
			isa = PBXGroup;
			children = (
				E47219142E08943000F502FB /* RestaurantRecommend */,
				E47219222E08943100F502FB /* RestaurantRecommendTests */,
				E472192C2E08943100F502FB /* RestaurantRecommendUITests */,
				E47219132E08943000F502FB /* Products */,
			);
			sourceTree = "<group>";
		};
		E47219132E08943000F502FB /* Products */ = {
			isa = PBXGroup;
			children = (
				E47219122E08943000F502FB /* RestaurantRecommend.app */,
				E472191F2E08943100F502FB /* RestaurantRecommendTests.xctest */,
				E47219292E08943100F502FB /* RestaurantRecommendUITests.xctest */,
			);
			name = Products;
			sourceTree = "<group>";
		};
/* End PBXGroup section */

/* Begin PBXNativeTarget section */
		E47219112E08943000F502FB /* RestaurantRecommend */ = {
			isa = PBXNativeTarget;
			buildConfigurationList = E47219332E08943100F502FB /* Build configuration list for PBXNativeTarget "RestaurantRecommend" */;
			buildPhases = (
				E472190E2E08943000F502FB /* Sources */,
				E472190F2E08943000F502FB /* Frameworks */,
				E47219102E08943000F502FB /* Resources */,
			);
			buildRules = (
			);
			dependencies = (
			);
			fileSystemSynchronizedGroups = (
				E47219142E08943000F502FB /* RestaurantRecommend */,
			);
			name = RestaurantRecommend;
			packageProductDependencies = (
				E4E6E1392E172AEF00FD5EBB /* FirebaseAuth */,
				E4E6E13B2E172AEF00FD5EBB /* FirebaseCore */,
				E4E6E13D2E172AEF00FD5EBB /* FirebaseFirestore */,
				E4E6E1402E172B2F00FD5EBB /* GoogleSignIn */,
				E4E6E1422E172B2F00FD5EBB /* GoogleSignInSwift */,
				E4E6E1442E172B8C00FD5EBB /* FirebaseAnalytics */,
			);
			productName = RestaurantRecommend;
			productReference = E47219122E08943000F502FB /* RestaurantRecommend.app */;
			productType = "com.apple.product-type.application";
		};
		E472191E2E08943100F502FB /* RestaurantRecommendTests */ = {
			isa = PBXNativeTarget;
			buildConfigurationList = E47219362E08943100F502FB /* Build configuration list for PBXNativeTarget "RestaurantRecommendTests" */;
			buildPhases = (
				E472191B2E08943100F502FB /* Sources */,
				E472191C2E08943100F502FB /* Frameworks */,
				E472191D2E08943100F502FB /* Resources */,
			);
			buildRules = (
			);
			dependencies = (
				E47219212E08943100F502FB /* PBXTargetDependency */,
			);
			fileSystemSynchronizedGroups = (
				E47219222E08943100F502FB /* RestaurantRecommendTests */,
			);
			name = RestaurantRecommendTests;
			packageProductDependencies = (
			);
			productName = RestaurantRecommendTests;
			productReference = E472191F2E08943100F502FB /* RestaurantRecommendTests.xctest */;
			productType = "com.apple.product-type.bundle.unit-test";
		};
		E47219282E08943100F502FB /* RestaurantRecommendUITests */ = {
			isa = PBXNativeTarget;
			buildConfigurationList = E47219392E08943100F502FB /* Build configuration list for PBXNativeTarget "RestaurantRecommendUITests" */;
			buildPhases = (
				E47219252E08943100F502FB /* Sources */,
				E47219262E08943100F502FB /* Frameworks */,
				E47219272E08943100F502FB /* Resources */,
			);
			buildRules = (
			);
			dependencies = (
				E472192B2E08943100F502FB /* PBXTargetDependency */,
			);
			fileSystemSynchronizedGroups = (
				E472192C2E08943100F502FB /* RestaurantRecommendUITests */,
			);
			name = RestaurantRecommendUITests;
			packageProductDependencies = (
			);
			productName = RestaurantRecommendUITests;
			productReference = E47219292E08943100F502FB /* RestaurantRecommendUITests.xctest */;
			productType = "com.apple.product-type.bundle.ui-testing";
		};
/* End PBXNativeTarget section */

/* Begin PBXProject section */
		E472190A2E08943000F502FB /* Project object */ = {
			isa = PBXProject;
			attributes = {
				BuildIndependentTargetsInParallel = 1;
				LastSwiftUpdateCheck = 1640;
				LastUpgradeCheck = 1640;
				TargetAttributes = {
					E47219112E08943000F502FB = {
						CreatedOnToolsVersion = 16.4;
					};
					E472191E2E08943100F502FB = {
						CreatedOnToolsVersion = 16.4;
						TestTargetID = E47219112E08943000F502FB;
					};
					E47219282E08943100F502FB = {
						CreatedOnToolsVersion = 16.4;
						TestTargetID = E47219112E08943000F502FB;
					};
				};
			};
			buildConfigurationList = E472190D2E08943000F502FB /* Build configuration list for PBXProject "RestaurantRecommend" */;
			developmentRegion = en;
			hasScannedForEncodings = 0;
			knownRegions = (
				en,
				Base,
			);
			mainGroup = E47219092E08943000F502FB;
			minimizedProjectReferenceProxies = 1;
			packageReferences = (
				E4E6E1382E172AEF00FD5EBB /* XCRemoteSwiftPackageReference "firebase-ios-sdk" */,
				E4E6E13F2E172B2F00FD5EBB /* XCRemoteSwiftPackageReference "GoogleSignIn-iOS" */,
			);
			preferredProjectObjectVersion = 77;
			productRefGroup = E47219132E08943000F502FB /* Products */;
			projectDirPath = "";
			projectRoot = "";
			targets = (
				E47219112E08943000F502FB /* RestaurantRecommend */,
				E472191E2E08943100F502FB /* RestaurantRecommendTests */,
				E47219282E08943100F502FB /* RestaurantRecommendUITests */,
			);
		};
/* End PBXProject section */

/* Begin PBXResourcesBuildPhase section */
		E47219102E08943000F502FB /* Resources */ = {
			isa = PBXResourcesBuildPhase;
			buildActionMask = 2147483647;
			files = (
			);
			runOnlyForDeploymentPostprocessing = 0;
		};
		E472191D2E08943100F502FB /* Resources */ = {
			isa = PBXResourcesBuildPhase;
			buildActionMask = 2147483647;
			files = (
			);
			runOnlyForDeploymentPostprocessing = 0;
		};
		E47219272E08943100F502FB /* Resources */ = {
			isa = PBXResourcesBuildPhase;
			buildActionMask = 2147483647;
			files = (
			);
			runOnlyForDeploymentPostprocessing = 0;
		};
/* End PBXResourcesBuildPhase section */

/* Begin PBXSourcesBuildPhase section */
		E472190E2E08943000F502FB /* Sources */ = {
			isa = PBXSourcesBuildPhase;
			buildActionMask = 2147483647;
			files = (
			);
			runOnlyForDeploymentPostprocessing = 0;
		};
		E472191B2E08943100F502FB /* Sources */ = {
			isa = PBXSourcesBuildPhase;
			buildActionMask = 2147483647;
			files = (
			);
			runOnlyForDeploymentPostprocessing = 0;
		};
		E47219252E08943100F502FB /* Sources */ = {
			isa = PBXSourcesBuildPhase;
			buildActionMask = 2147483647;
			files = (
			);
			runOnlyForDeploymentPostprocessing = 0;
		};
/* End PBXSourcesBuildPhase section */

/* Begin PBXTargetDependency section */
		E47219212E08943100F502FB /* PBXTargetDependency */ = {
			isa = PBXTargetDependency;
			target = E47219112E08943000F502FB /* RestaurantRecommend */;
			targetProxy = E47219202E08943100F502FB /* PBXContainerItemProxy */;
		};
		E472192B2E08943100F502FB /* PBXTargetDependency */ = {
			isa = PBXTargetDependency;
			target = E47219112E08943000F502FB /* RestaurantRecommend */;
			targetProxy = E472192A2E08943100F502FB /* PBXContainerItemProxy */;
		};
/* End PBXTargetDependency section */

/* Begin XCBuildConfiguration section */
		E47219312E08943100F502FB /* Debug */ = {
			isa = XCBuildConfiguration;
			buildSettings = {
				ALWAYS_SEARCH_USER_PATHS = NO;
				ASSETCATALOG_COMPILER_GENERATE_SWIFT_ASSET_SYMBOL_EXTENSIONS = YES;
				CLANG_ANALYZER_NONNULL = YES;
				CLANG_ANALYZER_NUMBER_OBJECT_CONVERSION = YES_AGGRESSIVE;
				CLANG_CXX_LANGUAGE_STANDARD = "gnu++20";
				CLANG_ENABLE_MODULES = YES;
				CLANG_ENABLE_OBJC_ARC = YES;
				CLANG_ENABLE_OBJC_WEAK = YES;
				CLANG_WARN_BLOCK_CAPTURE_AUTORELEASING = YES;
				CLANG_WARN_BOOL_CONVERSION = YES;
				CLANG_WARN_COMMA = YES;
				CLANG_WARN_CONSTANT_CONVERSION = YES;
				CLANG_WARN_DEPRECATED_OBJC_IMPLEMENTATIONS = YES;
				CLANG_WARN_DIRECT_OBJC_ISA_USAGE = YES_ERROR;
				CLANG_WARN_DOCUMENTATION_COMMENTS = YES;
				CLANG_WARN_EMPTY_BODY = YES;
				CLANG_WARN_ENUM_CONVERSION = YES;
				CLANG_WARN_INFINITE_RECURSION = YES;
				CLANG_WARN_INT_CONVERSION = YES;
				CLANG_WARN_NON_LITERAL_NULL_CONVERSION = YES;
				CLANG_WARN_OBJC_IMPLICIT_RETAIN_SELF = YES;
				CLANG_WARN_OBJC_LITERAL_CONVERSION = YES;
				CLANG_WARN_OBJC_ROOT_CLASS = YES_ERROR;
				CLANG_WARN_QUOTED_INCLUDE_IN_FRAMEWORK_HEADER = YES;
				CLANG_WARN_RANGE_LOOP_ANALYSIS = YES;
				CLANG_WARN_STRICT_PROTOTYPES = YES;
				CLANG_WARN_SUSPICIOUS_MOVE = YES;
				CLANG_WARN_UNGUARDED_AVAILABILITY = YES_AGGRESSIVE;
				CLANG_WARN_UNREACHABLE_CODE = YES;
				CLANG_WARN__DUPLICATE_METHOD_MATCH = YES;
				COPY_PHASE_STRIP = NO;
				DEBUG_INFORMATION_FORMAT = dwarf;
				ENABLE_STRICT_OBJC_MSGSEND = YES;
				ENABLE_TESTABILITY = YES;
				ENABLE_USER_SCRIPT_SANDBOXING = YES;
				GCC_C_LANGUAGE_STANDARD = gnu17;
				GCC_DYNAMIC_NO_PIC = NO;
				GCC_NO_COMMON_BLOCKS = YES;
				GCC_OPTIMIZATION_LEVEL = 0;
				GCC_PREPROCESSOR_DEFINITIONS = (
					"DEBUG=1",
					"$(inherited)",
				);
				GCC_WARN_64_TO_32_BIT_CONVERSION = YES;
				GCC_WARN_ABOUT_RETURN_TYPE = YES_ERROR;
				GCC_WARN_UNDECLARED_SELECTOR = YES;
				GCC_WARN_UNINITIALIZED_AUTOS = YES_AGGRESSIVE;
				GCC_WARN_UNUSED_FUNCTION = YES;
				GCC_WARN_UNUSED_VARIABLE = YES;
				IPHONEOS_DEPLOYMENT_TARGET = 18.5;
				LOCALIZATION_PREFERS_STRING_CATALOGS = YES;
				MTL_ENABLE_DEBUG_INFO = INCLUDE_SOURCE;
				MTL_FAST_MATH = YES;
				ONLY_ACTIVE_ARCH = YES;
				SDKROOT = iphoneos;
				SWIFT_ACTIVE_COMPILATION_CONDITIONS = "DEBUG $(inherited)";
				SWIFT_OPTIMIZATION_LEVEL = "-Onone";
			};
			name = Debug;
		};
		E47219322E08943100F502FB /* Release */ = {
			isa = XCBuildConfiguration;
			buildSettings = {
				ALWAYS_SEARCH_USER_PATHS = NO;
				ASSETCATALOG_COMPILER_GENERATE_SWIFT_ASSET_SYMBOL_EXTENSIONS = YES;
				CLANG_ANALYZER_NONNULL = YES;
				CLANG_ANALYZER_NUMBER_OBJECT_CONVERSION = YES_AGGRESSIVE;
				CLANG_CXX_LANGUAGE_STANDARD = "gnu++20";
				CLANG_ENABLE_MODULES = YES;
				CLANG_ENABLE_OBJC_ARC = YES;
				CLANG_ENABLE_OBJC_WEAK = YES;
				CLANG_WARN_BLOCK_CAPTURE_AUTORELEASING = YES;
				CLANG_WARN_BOOL_CONVERSION = YES;
				CLANG_WARN_COMMA = YES;
				CLANG_WARN_CONSTANT_CONVERSION = YES;
				CLANG_WARN_DEPRECATED_OBJC_IMPLEMENTATIONS = YES;
				CLANG_WARN_DIRECT_OBJC_ISA_USAGE = YES_ERROR;
				CLANG_WARN_DOCUMENTATION_COMMENTS = YES;
				CLANG_WARN_EMPTY_BODY = YES;
				CLANG_WARN_ENUM_CONVERSION = YES;
				CLANG_WARN_INFINITE_RECURSION = YES;
				CLANG_WARN_INT_CONVERSION = YES;
				CLANG_WARN_NON_LITERAL_NULL_CONVERSION = YES;
				CLANG_WARN_OBJC_IMPLICIT_RETAIN_SELF = YES;
				CLANG_WARN_OBJC_LITERAL_CONVERSION = YES;
				CLANG_WARN_OBJC_ROOT_CLASS = YES_ERROR;
				CLANG_WARN_QUOTED_INCLUDE_IN_FRAMEWORK_HEADER = YES;
				CLANG_WARN_RANGE_LOOP_ANALYSIS = YES;
				CLANG_WARN_STRICT_PROTOTYPES = YES;
				CLANG_WARN_SUSPICIOUS_MOVE = YES;
				CLANG_WARN_UNGUARDED_AVAILABILITY = YES_AGGRESSIVE;
				CLANG_WARN_UNREACHABLE_CODE = YES;
				CLANG_WARN__DUPLICATE_METHOD_MATCH = YES;
				COPY_PHASE_STRIP = NO;
				DEBUG_INFORMATION_FORMAT = "dwarf-with-dsym";
				ENABLE_NS_ASSERTIONS = NO;
				ENABLE_STRICT_OBJC_MSGSEND = YES;
				ENABLE_USER_SCRIPT_SANDBOXING = YES;
				GCC_C_LANGUAGE_STANDARD = gnu17;
				GCC_NO_COMMON_BLOCKS = YES;
				GCC_WARN_64_TO_32_BIT_CONVERSION = YES;
				GCC_WARN_ABOUT_RETURN_TYPE = YES_ERROR;
				GCC_WARN_UNDECLARED_SELECTOR = YES;
				GCC_WARN_UNINITIALIZED_AUTOS = YES_AGGRESSIVE;
				GCC_WARN_UNUSED_FUNCTION = YES;
				GCC_WARN_UNUSED_VARIABLE = YES;
				IPHONEOS_DEPLOYMENT_TARGET = 18.5;
				LOCALIZATION_PREFERS_STRING_CATALOGS = YES;
				MTL_ENABLE_DEBUG_INFO = NO;
				MTL_FAST_MATH = YES;
				SDKROOT = iphoneos;
				SWIFT_COMPILATION_MODE = wholemodule;
				VALIDATE_PRODUCT = YES;
			};
			name = Release;
		};
		E47219342E08943100F502FB /* Debug */ = {
			isa = XCBuildConfiguration;
			buildSettings = {
				ASSETCATALOG_COMPILER_APPICON_NAME = AppIcon;
				ASSETCATALOG_COMPILER_GLOBAL_ACCENT_COLOR_NAME = AccentColor;
				CODE_SIGN_STYLE = Automatic;
				CURRENT_PROJECT_VERSION = 1;
				ENABLE_PREVIEWS = YES;
				GENERATE_INFOPLIST_FILE = YES;
				INFOPLIST_KEY_UIApplicationSceneManifest_Generation = YES;
				INFOPLIST_KEY_UIApplicationSupportsIndirectInputEvents = YES;
				INFOPLIST_KEY_UILaunchScreen_Generation = YES;
				INFOPLIST_KEY_UISupportedInterfaceOrientations_iPad = "UIInterfaceOrientationPortrait UIInterfaceOrientationPortraitUpsideDown UIInterfaceOrientationLandscapeLeft UIInterfaceOrientationLandscapeRight";
				INFOPLIST_KEY_UISupportedInterfaceOrientations_iPhone = "UIInterfaceOrientationPortrait UIInterfaceOrientationLandscapeLeft UIInterfaceOrientationLandscapeRight";
				LD_RUNPATH_SEARCH_PATHS = (
					"$(inherited)",
					"@executable_path/Frameworks",
				);
				MARKETING_VERSION = 1.0;
				PRODUCT_BUNDLE_IDENTIFIER = name.TheodoreZhu.RestaurantRecommend;
				PRODUCT_NAME = "$(TARGET_NAME)";
				SWIFT_EMIT_LOC_STRINGS = YES;
				SWIFT_VERSION = 5.0;
				TARGETED_DEVICE_FAMILY = "1,2";
			};
			name = Debug;
		};
		E47219352E08943100F502FB /* Release */ = {
			isa = XCBuildConfiguration;
			buildSettings = {
				ASSETCATALOG_COMPILER_APPICON_NAME = AppIcon;
				ASSETCATALOG_COMPILER_GLOBAL_ACCENT_COLOR_NAME = AccentColor;
				CODE_SIGN_STYLE = Automatic;
				CURRENT_PROJECT_VERSION = 1;
				ENABLE_PREVIEWS = YES;
				GENERATE_INFOPLIST_FILE = YES;
				INFOPLIST_KEY_UIApplicationSceneManifest_Generation = YES;
				INFOPLIST_KEY_UIApplicationSupportsIndirectInputEvents = YES;
				INFOPLIST_KEY_UILaunchScreen_Generation = YES;
				INFOPLIST_KEY_UISupportedInterfaceOrientations_iPad = "UIInterfaceOrientationPortrait UIInterfaceOrientationPortraitUpsideDown UIInterfaceOrientationLandscapeLeft UIInterfaceOrientationLandscapeRight";
				INFOPLIST_KEY_UISupportedInterfaceOrientations_iPhone = "UIInterfaceOrientationPortrait UIInterfaceOrientationLandscapeLeft UIInterfaceOrientationLandscapeRight";
				LD_RUNPATH_SEARCH_PATHS = (
					"$(inherited)",
					"@executable_path/Frameworks",
				);
				MARKETING_VERSION = 1.0;
				PRODUCT_BUNDLE_IDENTIFIER = name.TheodoreZhu.RestaurantRecommend;
				PRODUCT_NAME = "$(TARGET_NAME)";
				SWIFT_EMIT_LOC_STRINGS = YES;
				SWIFT_VERSION = 5.0;
				TARGETED_DEVICE_FAMILY = "1,2";
			};
			name = Release;
		};
		E47219372E08943100F502FB /* Debug */ = {
			isa = XCBuildConfiguration;
			buildSettings = {
				BUNDLE_LOADER = "$(TEST_HOST)";
				CODE_SIGN_STYLE = Automatic;
				CURRENT_PROJECT_VERSION = 1;
				GENERATE_INFOPLIST_FILE = YES;
				IPHONEOS_DEPLOYMENT_TARGET = 18.5;
				MARKETING_VERSION = 1.0;
				PRODUCT_BUNDLE_IDENTIFIER = name.TheodoreZhu.RestaurantRecommendTests;
				PRODUCT_NAME = "$(TARGET_NAME)";
				SWIFT_EMIT_LOC_STRINGS = NO;
				SWIFT_VERSION = 5.0;
				TARGETED_DEVICE_FAMILY = "1,2";
				TEST_HOST = "$(BUILT_PRODUCTS_DIR)/RestaurantRecommend.app/$(BUNDLE_EXECUTABLE_FOLDER_PATH)/RestaurantRecommend";
			};
			name = Debug;
		};
		E47219382E08943100F502FB /* Release */ = {
			isa = XCBuildConfiguration;
			buildSettings = {
				BUNDLE_LOADER = "$(TEST_HOST)";
				CODE_SIGN_STYLE = Automatic;
				CURRENT_PROJECT_VERSION = 1;
				GENERATE_INFOPLIST_FILE = YES;
				IPHONEOS_DEPLOYMENT_TARGET = 18.5;
				MARKETING_VERSION = 1.0;
				PRODUCT_BUNDLE_IDENTIFIER = name.TheodoreZhu.RestaurantRecommendTests;
				PRODUCT_NAME = "$(TARGET_NAME)";
				SWIFT_EMIT_LOC_STRINGS = NO;
				SWIFT_VERSION = 5.0;
				TARGETED_DEVICE_FAMILY = "1,2";
				TEST_HOST = "$(BUILT_PRODUCTS_DIR)/RestaurantRecommend.app/$(BUNDLE_EXECUTABLE_FOLDER_PATH)/RestaurantRecommend";
			};
			name = Release;
		};
		E472193A2E08943100F502FB /* Debug */ = {
			isa = XCBuildConfiguration;
			buildSettings = {
				CODE_SIGN_STYLE = Automatic;
				CURRENT_PROJECT_VERSION = 1;
				GENERATE_INFOPLIST_FILE = YES;
				MARKETING_VERSION = 1.0;
				PRODUCT_BUNDLE_IDENTIFIER = name.TheodoreZhu.RestaurantRecommendUITests;
				PRODUCT_NAME = "$(TARGET_NAME)";
				SWIFT_EMIT_LOC_STRINGS = NO;
				SWIFT_VERSION = 5.0;
				TARGETED_DEVICE_FAMILY = "1,2";
				TEST_TARGET_NAME = RestaurantRecommend;
			};
			name = Debug;
		};
		E472193B2E08943100F502FB /* Release */ = {
			isa = XCBuildConfiguration;
			buildSettings = {
				CODE_SIGN_STYLE = Automatic;
				CURRENT_PROJECT_VERSION = 1;
				GENERATE_INFOPLIST_FILE = YES;
				MARKETING_VERSION = 1.0;
				PRODUCT_BUNDLE_IDENTIFIER = name.TheodoreZhu.RestaurantRecommendUITests;
				PRODUCT_NAME = "$(TARGET_NAME)";
				SWIFT_EMIT_LOC_STRINGS = NO;
				SWIFT_VERSION = 5.0;
				TARGETED_DEVICE_FAMILY = "1,2";
				TEST_TARGET_NAME = RestaurantRecommend;
			};
			name = Release;
		};
/* End XCBuildConfiguration section */

/* Begin XCConfigurationList section */
		E472190D2E08943000F502FB /* Build configuration list for PBXProject "RestaurantRecommend" */ = {
			isa = XCConfigurationList;
			buildConfigurations = (
				E47219312E08943100F502FB /* Debug */,
				E47219322E08943100F502FB /* Release */,
			);
			defaultConfigurationIsVisible = 0;
			defaultConfigurationName = Release;
		};
		E47219332E08943100F502FB /* Build configuration list for PBXNativeTarget "RestaurantRecommend" */ = {
			isa = XCConfigurationList;
			buildConfigurations = (
				E47219342E08943100F502FB /* Debug */,
				E47219352E08943100F502FB /* Release */,
			);
			defaultConfigurationIsVisible = 0;
			defaultConfigurationName = Release;
		};
		E47219362E08943100F502FB /* Build configuration list for PBXNativeTarget "RestaurantRecommendTests" */ = {
			isa = XCConfigurationList;
			buildConfigurations = (
				E47219372E08943100F502FB /* Debug */,
				E47219382E08943100F502FB /* Release */,
			);
			defaultConfigurationIsVisible = 0;
			defaultConfigurationName = Release;
		};
		E47219392E08943100F502FB /* Build configuration list for PBXNativeTarget "RestaurantRecommendUITests" */ = {
			isa = XCConfigurationList;
			buildConfigurations = (
				E472193A2E08943100F502FB /* Debug */,
				E472193B2E08943100F502FB /* Release */,
			);
			defaultConfigurationIsVisible = 0;
			defaultConfigurationName = Release;
		};
/* End XCConfigurationList section */

/* Begin XCRemoteSwiftPackageReference section */
		E4E6E1382E172AEF00FD5EBB /* XCRemoteSwiftPackageReference "firebase-ios-sdk" */ = {
			isa = XCRemoteSwiftPackageReference;
			repositoryURL = "https://github.com/firebase/firebase-ios-sdk";
			requirement = {
				kind = upToNextMajorVersion;
				minimumVersion = 11.15.0;
			};
		};
		E4E6E13F2E172B2F00FD5EBB /* XCRemoteSwiftPackageReference "GoogleSignIn-iOS" */ = {
			isa = XCRemoteSwiftPackageReference;
			repositoryURL = "https://github.com/google/GoogleSignIn-iOS.git";
			requirement = {
				kind = upToNextMajorVersion;
				minimumVersion = 8.0.0;
			};
		};
/* End XCRemoteSwiftPackageReference section */

/* Begin XCSwiftPackageProductDependency section */
		E4E6E1392E172AEF00FD5EBB /* FirebaseAuth */ = {
			isa = XCSwiftPackageProductDependency;
			package = E4E6E1382E172AEF00FD5EBB /* XCRemoteSwiftPackageReference "firebase-ios-sdk" */;
			productName = FirebaseAuth;
		};
		E4E6E13B2E172AEF00FD5EBB /* FirebaseCore */ = {
			isa = XCSwiftPackageProductDependency;
			package = E4E6E1382E172AEF00FD5EBB /* XCRemoteSwiftPackageReference "firebase-ios-sdk" */;
			productName = FirebaseCore;
		};
		E4E6E13D2E172AEF00FD5EBB /* FirebaseFirestore */ = {
			isa = XCSwiftPackageProductDependency;
			package = E4E6E1382E172AEF00FD5EBB /* XCRemoteSwiftPackageReference "firebase-ios-sdk" */;
			productName = FirebaseFirestore;
		};
		E4E6E1402E172B2F00FD5EBB /* GoogleSignIn */ = {
			isa = XCSwiftPackageProductDependency;
			package = E4E6E13F2E172B2F00FD5EBB /* XCRemoteSwiftPackageReference "GoogleSignIn-iOS" */;
			productName = GoogleSignIn;
		};
		E4E6E1422E172B2F00FD5EBB /* GoogleSignInSwift */ = {
			isa = XCSwiftPackageProductDependency;
			package = E4E6E13F2E172B2F00FD5EBB /* XCRemoteSwiftPackageReference "GoogleSignIn-iOS" */;
			productName = GoogleSignInSwift;
		};
		E4E6E1442E172B8C00FD5EBB /* FirebaseAnalytics */ = {
			isa = XCSwiftPackageProductDependency;
			package = E4E6E1382E172AEF00FD5EBB /* XCRemoteSwiftPackageReference "firebase-ios-sdk" */;
			productName = FirebaseAnalytics;
		};
/* End XCSwiftPackageProductDependency section */
	};
	rootObject = E472190A2E08943000F502FB /* Project object */;
}
